<?xml version="1.0" encoding="utf-8"?>
<Project ToolsVersion="4.0" xmlns="http://schemas.microsoft.com/developer/msbuild/2003">
  <ItemGroup>
    <Filter Include="src">
      <UniqueIdentifier>{1A6E4EC2-E70D-4730-A8CA-A95C84DE8B5B}</UniqueIdentifier>
    </Filter>
    <Filter Include="src\app">
      <UniqueIdentifier>{34557DDC-C1AA-4AAB-A930-D5AA0013B0C1}</UniqueIdentifier>
    </Filter>
    <Filter Include="src\core">
      <UniqueIdentifier>{D19FA20F-3FA2-48AB-85EA-211877A4A4CC}</UniqueIdentifier>
    </Filter>
    <Filter Include="src\infra">
      <UniqueIdentifier>{75C03B9A-8B11-4202-92A8-469B0D38E080}</UniqueIdentifier>
    </Filter>
    <Filter Include="src\platform">
      <UniqueIdentifier>{35FE28D6-D26C-42CB-93E1-EF68EA0C7D5B}</UniqueIdentifier>
    </Filter>
    <Filter Include="src\ui">
      <UniqueIdentifier>{6D8DBDD0-96D4-4CEB-AD6E-9D7260EA971E}</UniqueIdentifier>
    </Filter>
    <Filter Include="src\utils">
      <UniqueIdentifier>{1168FC11-6708-4C2D-BA71-CF4AC79D286D}</UniqueIdentifier>
    </Filter>
    <Filter Include="third_party">
      <UniqueIdentifier>{F0B87911-8F58-482E-9A41-6E993A354DD8}</UniqueIdentifier>
    </Filter>
    <Filter Include="third_party\imgui">
      <UniqueIdentifier>{FA97F0E0-DC4C-4D56-A64F-E67CE44C9AB1}</UniqueIdentifier>
    </Filter>
    <Filter Include="third_party\KnotLink">
      <UniqueIdentifier>{B146B260-A6A7-4F34-B98F-66D370C7597A}</UniqueIdentifier>
    </Filter>
    <Filter Include="third_party\json">
      <UniqueIdentifier>{78E4FF42-94D0-4C4D-AF01-0297258832EE}</UniqueIdentifier>
    </Filter>
    <Filter Include="third_party\stb">
      <UniqueIdentifier>{89064A90-A00E-44D4-A6D9-E678C5718036}</UniqueIdentifier>
    </Filter>
    <Filter Include="resources">
      <UniqueIdentifier>{7B44FA14-0C85-4871-8A62-D64C232978A8}</UniqueIdentifier>
    </Filter>
  </ItemGroup>
  <ItemGroup>
    <ClCompile Include="src\app\AppState.cpp">
      <Filter>src\app</Filter>
    </ClCompile>
    <ClCompile Include="src\app\Globals.cpp">
      <Filter>src\app</Filter>
    </ClCompile>
    <ClCompile Include="src\app\MineBackup.cpp">
      <Filter>src\app</Filter>
    </ClCompile>
    <ClCompile Include="src\core\BackupManager.cpp">
      <Filter>src\core</Filter>
    </ClCompile>
    <ClCompile Include="src\core\GameSessionManager.cpp">
      <Filter>src\core</Filter>
    </ClCompile>
    <ClCompile Include="src\core\HistoryManager.cpp">
      <Filter>src\core</Filter>
    </ClCompile>
    <ClCompile Include="src\core\SpecialMode.cpp">
      <Filter>src\core</Filter>
    </ClCompile>
    <ClCompile Include="src\core\TaskSystem.cpp">
      <Filter>src\core</Filter>
    </ClCompile>
    <ClCompile Include="src\infra\Broadcast.cpp">
      <Filter>src\infra</Filter>
    </ClCompile>
    <ClCompile Include="src\infra\ConfigManager.cpp">
      <Filter>src\infra</Filter>
    </ClCompile>
    <ClCompile Include="src\infra\Console.cpp">
      <Filter>src\infra</Filter>
    </ClCompile>
    <ClCompile Include="src\infra\i18n.cpp">
      <Filter>src\infra</Filter>
    </ClCompile>
    <ClCompile Include="src\platform\Platform_win.cpp">
      <Filter>src\platform</Filter>
    </ClCompile>
    <ClCompile Include="src\ui\HistoryUI.cpp">
      <Filter>src\ui</Filter>
    </ClCompile>
    <ClCompile Include="src\ui\SettingsUIAppearance.cpp">
      <Filter>src\ui</Filter>
    </ClCompile>
    <ClCompile Include="src\ui\SettingsUIConfig.cpp">
      <Filter>src\ui</Filter>
    </ClCompile>
    <ClCompile Include="src\ui\SettingsUI.cpp">
      <Filter>src\ui</Filter>
    </ClCompile>
    <ClCompile Include="src\ui\SettingsUISpecial.cpp">
      <Filter>src\ui</Filter>
    </ClCompile>
    <ClCompile Include="src\ui\WizardUI.cpp">
      <Filter>src\ui</Filter>
    </ClCompile>
    <ClCompile Include="src\utils\basic_func.cpp">
      <Filter>src\utils</Filter>
    </ClCompile>
    <ClCompile Include="src\utils\text_to_text.cpp">
      <Filter>src\utils</Filter>
    </ClCompile>
    <ClCompile Include="third_party\imgui\imgui.cpp">
      <Filter>third_party\imgui</Filter>
    </ClCompile>
    <ClCompile Include="third_party\imgui\imgui_draw.cpp">
      <Filter>third_party\imgui</Filter>
    </ClCompile>
    <ClCompile Include="third_party\imgui\imgui_impl_glfw.cpp">
      <Filter>third_party\imgui</Filter>
    </ClCompile>
    <ClCompile Include="third_party\imgui\imgui_impl_opengl3.cpp">
      <Filter>third_party\imgui</Filter>
    </ClCompile>
    <ClCompile Include="third_party\imgui\imgui_tables.cpp">
      <Filter>third_party\imgui</Filter>
    </ClCompile>
    <ClCompile Include="third_party\imgui\imgui_widgets.cpp">
      <Filter>third_party\imgui</Filter>
    </ClCompile>
    <ClCompile Include="third_party\KnotLink\OpenSocketResponser.cpp">
      <Filter>third_party\KnotLink</Filter>
    </ClCompile>
    <ClCompile Include="third_party\KnotLink\SignalSender.cpp">
      <Filter>third_party\KnotLink</Filter>
    </ClCompile>
  </ItemGroup>
  <ItemGroup>
    <ClInclude Include="src\app\AppState.h">
      <Filter>src\app</Filter>
    </ClInclude>
    <ClInclude Include="src\app\DataModels.h">
      <Filter>src\app</Filter>
    </ClInclude>
    <ClInclude Include="src\app\Globals.h">
      <Filter>src\app</Filter>
    </ClInclude>
    <ClInclude Include="src\app\MainUI.h">
      <Filter>src\app</Filter>
    </ClInclude>
    <ClInclude Include="src\core\BackupManager.h">
      <Filter>src\core</Filter>
    </ClInclude>
    <ClInclude Include="src\core\BackupManagerRestore.inl">
      <Filter>src\core</Filter>
    </ClInclude>
    <ClInclude Include="src\core\HistoryManager.h">
      <Filter>src\core</Filter>
    </ClInclude>
    <ClInclude Include="src\core\TaskSystem.h">
      <Filter>src\core</Filter>
    </ClInclude>
    <ClInclude Include="src\infra\Broadcast.h">
      <Filter>src\infra</Filter>
    </ClInclude>
    <ClInclude Include="src\infra\ConfigManager.h">
      <Filter>src\infra</Filter>
    </ClInclude>
    <ClInclude Include="src\infra\Console.h">
      <Filter>src\infra</Filter>
    </ClInclude>
    <ClInclude Include="src\infra\i18n.h">
      <Filter>src\infra</Filter>
    </ClInclude>
    <ClInclude Include="src\platform\PlatformCompat.h">
      <Filter>src\platform</Filter>
    </ClInclude>
    <ClInclude Include="src\platform\Platform_linux.h">
      <Filter>src\platform</Filter>
    </ClInclude>
    <ClInclude Include="src\platform\Platform_macos.h">
      <Filter>src\platform</Filter>
    </ClInclude>
    <ClInclude Include="src\platform\Platform_win.h">
      <Filter>src\platform</Filter>
    </ClInclude>
    <ClInclude Include="src\ui\IconsFontAwesome6.h">
      <Filter>src\ui</Filter>
    </ClInclude>
    <ClInclude Include="src\ui\SettingsUI.h">
      <Filter>src\ui</Filter>
    </ClInclude>
    <ClInclude Include="src\ui\SettingsUIPrivate.h">
      <Filter>src\ui</Filter>
    </ClInclude>
    <ClInclude Include="src\ui\imgui-all.h">
      <Filter>src\ui</Filter>
    </ClInclude>
    <ClInclude Include="src\ui\UIHelpers.h">
      <Filter>src\ui</Filter>
    </ClInclude>
    <ClInclude Include="src\utils\text_to_text.h">
      <Filter>src\utils</Filter>
    </ClInclude>
    <ClInclude Include="third_party\imgui\imconfig.h">
      <Filter>third_party\imgui</Filter>
    </ClInclude>
    <ClInclude Include="third_party\imgui\imgui.h">
      <Filter>third_party\imgui</Filter>
    </ClInclude>
    <ClInclude Include="third_party\imgui\imgui_impl_glfw.h">
      <Filter>third_party\imgui</Filter>
    </ClInclude>
    <ClInclude Include="third_party\imgui\imgui_impl_opengl3.h">
      <Filter>third_party\imgui</Filter>
    </ClInclude>
    <ClInclude Include="third_party\imgui\imgui_impl_opengl3_loader.h">
      <Filter>third_party\imgui</Filter>
    </ClInclude>
    <ClInclude Include="third_party\imgui\imgui_internal.h">
      <Filter>third_party\imgui</Filter>
    </ClInclude>
    <ClInclude Include="third_party\imgui\imgui_style.h">
      <Filter>third_party\imgui</Filter>
    </ClInclude>
    <ClInclude Include="third_party\imgui\imstb_rectpack.h">
      <Filter>third_party\imgui</Filter>
    </ClInclude>
    <ClInclude Include="third_party\imgui\imstb_textedit.h">
      <Filter>third_party\imgui</Filter>
    </ClInclude>
    <ClInclude Include="third_party\imgui\imstb_truetype.h">
      <Filter>third_party\imgui</Filter>
    </ClInclude>
    <ClInclude Include="third_party\json\json.hpp">
      <Filter>third_party\json</Filter>
    </ClInclude>
    <ClInclude Include="third_party\KnotLink\KnotLinkServer.hpp">
      <Filter>third_party\KnotLink</Filter>
    </ClInclude>
    <ClInclude Include="third_party\KnotLink\OpenSocketResponser.hpp">
      <Filter>third_party\KnotLink</Filter>
    </ClInclude>
    <ClInclude Include="third_party\KnotLink\OpenSocketResponser_posix.hpp">
      <Filter>third_party\KnotLink</Filter>
    </ClInclude>
    <ClInclude Include="third_party\KnotLink\SignalSender.hpp">
      <Filter>third_party\KnotLink</Filter>
    </ClInclude>
    <ClInclude Include="third_party\KnotLink\SignalSender_posix.hpp">
      <Filter>third_party\KnotLink</Filter>
    </ClInclude>
    <ClInclude Include="third_party\KnotLink\TcpClient.hpp">
      <Filter>third_party\KnotLink</Filter>
    </ClInclude>
    <ClInclude Include="third_party\KnotLink\TcpClient_posix.hpp">
      <Filter>third_party\KnotLink</Filter>
    </ClInclude>
    <ClInclude Include="third_party\stb\stb_image.h">
      <Filter>third_party\stb</Filter>
    </ClInclude>
  </ItemGroup>
  <ItemGroup>
    <ResourceCompile Include="MineBackup.rc">
      <Filter>resources</Filter>
    </ResourceCompile>
  </ItemGroup>
  <ItemGroup>
    <None Include="7za.exe">
      <Filter>resources</Filter>
    </None>
  </ItemGroup>
  <ItemGroup>
    <Image Include="Assets\icons\mine10.ico">
      <Filter>resources</Filter>
    </Image>
    <Image Include="Assets\icons\mine30.ico">
      <Filter>resources</Filter>
    </Image>
  </ItemGroup>
  <ItemGroup>
    <Font Include="Assets\fontawesome-sp.otf">
      <Filter>resources</Filter>
    </Font>
  </ItemGroup>
  <ItemGroup>
    <Text Include="CustomTheme.txt">
      <Filter>resources</Filter>
    </Text>
  </ItemGroup>
</Project>