<?xml version="1.0" encoding="utf-8"?>
<Project ToolsVersion="4.0" xmlns="http://schemas.microsoft.com/developer/msbuild/2003">
  <ItemGroup>
    <Filter Include="src">
      <UniqueIdentifier>{1A6E4EC2-E70D-4730-A8CA-A95C84DE8B5B}</UniqueIdentifier>
    </Filter>
    <Filter Include="src\app">
      <UniqueIdentifier>{34557DDC-C1AA-4AAB-A930-D5AA0013B0C1}</UniqueIdentifier>
    </Filter>
    <Filter Include="src\core">
      <UniqueIdentifier>{D19FA20F-3FA2-48AB-85EA-211877A4A4CC}</UniqueIdentifier>
    </Filter>
    <Filter Include="src\infra">
      <UniqueIdentifier>{75C03B9A-8B11-4202-92A8-469B0D38E080}</UniqueIdentifier>
    </Filter>
    <Filter Include="src\platform">
      <UniqueIdentifier>{35FE28D6-D26C-42CB-93E1-EF68EA0C7D5B}</UniqueIdentifier>
    </Filter>
    <Filter Include="src\ui">
      <UniqueIdentifier>{6D8DBDD0-96D4-4CEB-AD6E-9D7260EA971E}</UniqueIdentifier>
    </Filter>
    <Filter Include="src\utils">
      <UniqueIdentifier>{1168FC11-6708-4C2D-BA71-CF4AC79D286D}</UniqueIdentifier>
    </Filter>
    <Filter Include="third_party">
      <UniqueIdentifier>{F0B87911-8F58-482E-9A41-6E993A354DD8}</UniqueIdentifier>
    </Filter>
    <Filter Include="third_party\imgui">
      <UniqueIdentifier>{FA97F0E0-DC4C-4D56-A64F-E67CE44C9AB1}</UniqueIdentifier>
    </Filter>
    <Filter Include="third_party\json">
      <UniqueIdentifier>{78E4FF42-94D0-4C4D-AF01-0297258832EE}</UniqueIdentifier>
    </Filter>
    <Filter Include="third_party\stb">
      <UniqueIdentifier>{89064A90-A00E-44D4-A6D9-E678C5718036}</UniqueIdentifier>
    </Filter>
    <Filter Include="third_party\spdlog">
      <UniqueIdentifier>{662CA514-8D83-4D05-8CA7-CF6A2DAB0D16}</UniqueIdentifier>
    </Filter>
    <Filter Include="resources">
      <UniqueIdentifier>{7B44FA14-0C85-4871-8A62-D64C232978A8}</UniqueIdentifier>
    </Filter>
  </ItemGroup>
  <ItemGroup>
    <ClCompile Include="src\app\AppState.cpp">
      <Filter>src\app</Filter>
    </ClCompile>
    <ClCompile Include="third_party\spdlog\src\async.cpp">
      <Filter>third_party\spdlog</Filter>
    </ClCompile>
    <ClCompile Include="third_party\spdlog\src\bundled_fmtlib_format.cpp">
      <Filter>third_party\spdlog</Filter>
    </ClCompile>
    <ClCompile Include="third_party\spdlog\src\cfg.cpp">
      <Filter>third_party\spdlog</Filter>
    </ClCompile>
    <ClCompile Include="third_party\spdlog\src\color_sinks.cpp">
      <Filter>third_party\spdlog</Filter>
    </ClCompile>
    <ClCompile Include="third_party\spdlog\src\file_sinks.cpp">
      <Filter>third_party\spdlog</Filter>
    </ClCompile>
    <ClCompile Include="third_party\spdlog\src\spdlog.cpp">
      <Filter>third_party\spdlog</Filter>
    </ClCompile>
    <ClCompile Include="third_party\spdlog\src\stdout_sinks.cpp">
      <Filter>third_party\spdlog</Filter>
    </ClCompile>
    <ClCompile Include="src\app\LaunchOptions.cpp">
      <Filter>src\app</Filter>
    </ClCompile>
    <ClCompile Include="src\app\Application.cpp">
      <Filter>src\app</Filter>
    </ClCompile>
    <ClCompile Include="src\app\ApplicationActions.cpp">
      <Filter>src\app</Filter>
    </ClCompile>
    <ClCompile Include="src\app\ApplicationEventRouter.cpp">
      <Filter>src\app</Filter>
    </ClCompile>
    <ClCompile Include="src\app\AppearanceRuntime.cpp">
      <Filter>src\app</Filter>
    </ClCompile>
    <ClCompile Include="src\app\DesktopUiLifecycle.cpp">
      <Filter>src\app</Filter>
    </ClCompile>
    <ClCompile Include="src\app\DesktopUiSession.cpp">
      <Filter>src\app</Filter>
    </ClCompile>
    <ClCompile Include="src\app\Globals.cpp">
      <Filter>src\app</Filter>
    </ClCompile>
    <ClCompile Include="src\app\ConfigSelection.cpp">
      <Filter>src\app</Filter>
    </ClCompile>
    <ClCompile Include="src\app\ImGuiRuntime.cpp">
      <Filter>src\app</Filter>
    </ClCompile>
	<ClCompile Include="src\app\legacy\LegacyServiceCleanup.cpp">
	  <Filter>src\app</Filter>
	</ClCompile>
    <ClCompile Include="src\app\MineBackup.cpp">
      <Filter>src\app</Filter>
    </ClCompile>
    <ClCompile Include="src\core\ArchiveRunner.cpp">
      <Filter>src\core</Filter>
    </ClCompile>
    <ClCompile Include="src\core\LauncherDiscoveryUtils.cpp">
      <Filter>src\core</Filter>
    </ClCompile>
    <ClCompile Include="src\core\ChainSafeRetention.cpp">
      <Filter>src\core</Filter>
    </ClCompile>
    <ClCompile Include="src\core\BackupChangeDetector.cpp">
      <Filter>src\core</Filter>
    </ClCompile>
    <ClCompile Include="src\core\BackupAuxiliary.cpp">
      <Filter>src\core</Filter>
    </ClCompile>
    <ClCompile Include="src\core\BackupManager.cpp">
      <Filter>src\core</Filter>
    </ClCompile>
    <ClCompile Include="src\core\BackupManagerDesktop.cpp">
      <Filter>src\core</Filter>
    </ClCompile>
    <ClCompile Include="src\core\BackupRestore.cpp">
      <Filter>src\core</Filter>
    </ClCompile>
    <ClCompile Include="src\core\BackupRetention.cpp">
      <Filter>src\core</Filter>
    </ClCompile>
    <ClCompile Include="src\core\CloudHistoryAnalysis.cpp">
      <Filter>src\core</Filter>
    </ClCompile>
    <ClCompile Include="src\core\CloudHistorySync.cpp">
      <Filter>src\core</Filter>
    </ClCompile>
    <ClCompile Include="src\core\CloudPortableConfig.cpp">
      <Filter>src\core</Filter>
    </ClCompile>
    <ClCompile Include="src\core\CloudSyncService.cpp">
      <Filter>src\core</Filter>
    </ClCompile>
    <ClCompile Include="src\core\CoreValidation.cpp">
      <Filter>src\core</Filter>
    </ClCompile>
    <ClCompile Include="src\core\FolderRewindFormat.cpp">
      <Filter>src\core</Filter>
    </ClCompile>
    <ClCompile Include="src\core\FolderRewindHistoryStore.cpp">
      <Filter>src\core</Filter>
    </ClCompile>
    <ClCompile Include="src\core\FolderRewindMetadataStore.cpp">
      <Filter>src\core</Filter>
    </ClCompile>
	<ClCompile Include="src\core\LegacyMineBackup15Reader.cpp">
	  <Filter>src\core</Filter>
	</ClCompile>
    <ClCompile Include="src\core\MigrationCoordinator.cpp">
      <Filter>src\core</Filter>
    </ClCompile>
	<ClCompile Include="src\core\OperationResult.cpp">
	  <Filter>src\core</Filter>
	</ClCompile>
	<ClCompile Include="src\core\ProfileConfigCatalog.cpp">
	  <Filter>src\core</Filter>
	</ClCompile>
	<ClCompile Include="src\core\RuntimeIntegration.cpp">
	  <Filter>src\core</Filter>
	</ClCompile>
	<ClCompile Include="src\core\RuntimeCloudPostHook.cpp">
	  <Filter>src\core</Filter>
	</ClCompile>
	<ClCompile Include="src\core\RuntimeFileLock.cpp">
	  <Filter>src\core</Filter>
	</ClCompile>
	<ClCompile Include="src\core\RuntimeRetentionService.cpp">
	  <Filter>src\core</Filter>
	</ClCompile>
	<ClCompile Include="src\core\V15MigrationAdapter.cpp">
	  <Filter>src\core</Filter>
	</ClCompile>
    <ClCompile Include="src\core\GameSessionManager.cpp">
      <Filter>src\core</Filter>
    </ClCompile>
    <ClCompile Include="src\core\HistoryManager.cpp">
      <Filter>src\core</Filter>
    </ClCompile>
    <ClCompile Include="src\core\HistoryRepository.cpp">
      <Filter>src\core</Filter>
    </ClCompile>
	<ClCompile Include="src\core\HotRestoreCoordinator.cpp">
	  <Filter>src\core</Filter>
	</ClCompile>
	<ClCompile Include="src\core\HmclDiscoveryProvider.cpp">
	  <Filter>src\core</Filter>
	</ClCompile>
	<ClCompile Include="src\core\JobDocument.cpp">
	  <Filter>src\core</Filter>
	</ClCompile>
	<ClCompile Include="src\core\JobRunner.cpp">
	  <Filter>src\core</Filter>
	</ClCompile>
	<ClCompile Include="src\core\ProfileConfigRepository.cpp">
	  <Filter>src\core</Filter>
	</ClCompile>
	<ClCompile Include="src\core\ProfileKnotLinkCommands.cpp">
	  <Filter>src\core</Filter>
	</ClCompile>
	<ClCompile Include="src\core\ProfileManifest.cpp">
	  <Filter>src\core</Filter>
	</ClCompile>
	<ClCompile Include="src\core\ProfileRuntime.cpp">
	  <Filter>src\core</Filter>
	</ClCompile>
	<ClCompile Include="src\core\RestoreService.cpp">
	  <Filter>src\core</Filter>
	</ClCompile>
	<ClCompile Include="src\core\RestoreWorkspace.cpp">
	  <Filter>src\core</Filter>
	</ClCompile>
	<ClCompile Include="src\core\WorldIdentity.cpp">
	  <Filter>src\core</Filter>
	</ClCompile>
	<ClCompile Include="src\core\PrismLauncherDiscoveryProvider.cpp">
	  <Filter>src\core</Filter>
	</ClCompile>
	<ClCompile Include="src\core\ModrinthDiscoveryProvider.cpp">
	  <Filter>src\core</Filter>
	</ClCompile>
	<ClCompile Include="src\core\NeteaseMinecraftDiscoveryProvider.cpp">
	  <Filter>src\core</Filter>
	</ClCompile>
    <ClCompile Include="src\core\PathRuleSet.cpp">
      <Filter>src\core</Filter>
    </ClCompile>
    <ClCompile Include="src\core\TaskCoordinator.cpp">
      <Filter>src\core</Filter>
    </ClCompile>
    <ClCompile Include="src\core\RemoteContentService.cpp">
      <Filter>src\core</Filter>
    </ClCompile>
    <ClCompile Include="src\core\ExternalToolManager.cpp">
      <Filter>src\core</Filter>
    </ClCompile>
    <ClCompile Include="src\core\PortableConfigDocument.cpp">
      <Filter>src\core</Filter>
    </ClCompile>
    <ClCompile Include="src\core\RcloneClient.cpp">
      <Filter>src\core</Filter>
    </ClCompile>
    <ClCompile Include="src\core\LegacyServicePolicy.cpp">
      <Filter>src\core</Filter>
    </ClCompile>
    <ClCompile Include="src\infra\AtomicFileWriter.cpp">
      <Filter>src\infra</Filter>
    </ClCompile>
    <ClCompile Include="src\infra\DiagnosticLogExporter.cpp">
      <Filter>src\infra</Filter>
    </ClCompile>
    <ClCompile Include="src\infra\AppPaths.cpp">
      <Filter>src\infra</Filter>
    </ClCompile>
    <ClCompile Include="src\infra\Logging.cpp">
      <Filter>src\infra</Filter>
    </ClCompile>
    <ClCompile Include="src\infra\SingleInstanceService.cpp">
      <Filter>src\infra</Filter>
    </ClCompile>
    <ClCompile Include="src\infra\LegacyLocationDiscovery.cpp">
      <Filter>src\infra</Filter>
    </ClCompile>
    <ClCompile Include="src\infra\LegacyLocationMigration.cpp">
      <Filter>src\infra</Filter>
    </ClCompile>
    <ClCompile Include="src\infra\LegacyIniConfigCodec.cpp">
      <Filter>src\infra</Filter>
    </ClCompile>
    <ClCompile Include="src\infra\ProcessRunner.cpp">
      <Filter>src\infra</Filter>
    </ClCompile>
    <ClCompile Include="src\infra\ReadOnlyMappedFile.cpp">
      <Filter>src\infra</Filter>
    </ClCompile>
    <ClCompile Include="src\infra\InterruptedTaskRecovery.cpp">
      <Filter>src\infra</Filter>
    </ClCompile>
    <ClCompile Include="src\infra\NetworkService.cpp">
      <Filter>src\infra</Filter>
    </ClCompile>
    <ClCompile Include="src\infra\Sha256.cpp">
      <Filter>src\infra</Filter>
    </ClCompile>
    <ClCompile Include="src\infra\DesktopServices.cpp">
      <Filter>src\infra</Filter>
    </ClCompile>
    <ClCompile Include="src\infra\Broadcast.cpp">
      <Filter>src\infra</Filter>
    </ClCompile>
    <ClCompile Include="src\infra\KnotLinkPackageManager.cpp">
      <Filter>src\infra</Filter>
    </ClCompile>
    <ClCompile Include="src\infra\KnotLinkProtocol.cpp">
      <Filter>src\infra</Filter>
    </ClCompile>
	<ClCompile Include="src\infra\KnotLinkCommandDispatcher.cpp">
	  <Filter>src\infra</Filter>
	</ClCompile>
    <ClCompile Include="src\infra\KnotLinkServerManager.cpp">
      <Filter>src\infra</Filter>
    </ClCompile>
    <ClCompile Include="src\infra\KnotLinkService.cpp">
      <Filter>src\infra</Filter>
    </ClCompile>
    <ClCompile Include="src\infra\ConfigManager.cpp">
      <Filter>src\infra</Filter>
    </ClCompile>
    <ClCompile Include="src\infra\i18n.cpp">
      <Filter>src\infra</Filter>
    </ClCompile>
    <ClCompile Include="src\platform\Platform_win.cpp">
      <Filter>src\platform</Filter>
    </ClCompile>
    <ClCompile Include="src\platform\NativeDesktopServices.cpp">
      <Filter>src\platform</Filter>
    </ClCompile>
    <ClCompile Include="src\platform\NetworkBackend_win.cpp">
      <Filter>src\platform</Filter>
    </ClCompile>
    <ClCompile Include="src\ui\HistoryUI.cpp">
      <Filter>src\ui</Filter>
    </ClCompile>
    <ClCompile Include="src\ui\HistoryDialogs.cpp">
      <Filter>src\ui</Filter>
    </ClCompile>
    <ClCompile Include="src\ui\HistoryViewModel.cpp">
      <Filter>src\ui</Filter>
    </ClCompile>
    <ClCompile Include="src\ui\CommandConsole.cpp">
      <Filter>src\ui</Filter>
    </ClCompile>
    <ClCompile Include="src\ui\MainUI.cpp">
      <Filter>src\ui</Filter>
    </ClCompile>
    <ClCompile Include="src\ui\LogPanel.cpp">
      <Filter>src\ui</Filter>
    </ClCompile>
    <ClCompile Include="src\ui\MigrationReportUI.cpp">
      <Filter>src\ui</Filter>
    </ClCompile>
    <ClCompile Include="src\ui\SettingsUIAppearance.cpp">
      <Filter>src\ui</Filter>
    </ClCompile>
    <ClCompile Include="src\ui\SettingsUIConfig.cpp">
      <Filter>src\ui</Filter>
    </ClCompile>
    <ClCompile Include="src\ui\SettingsUI.cpp">
      <Filter>src\ui</Filter>
    </ClCompile>
    <ClCompile Include="src\ui\SettingsUISpecial.cpp">
      <Filter>src\ui</Filter>
    </ClCompile>
    <ClCompile Include="src\ui\SettingsUIHotkeys.cpp">
      <Filter>src\ui</Filter>
    </ClCompile>
    <ClCompile Include="src\ui\WizardUI.cpp">
      <Filter>src\ui</Filter>
    </ClCompile>
    <ClCompile Include="src\ui\WorldListController.cpp">
      <Filter>src\ui</Filter>
    </ClCompile>
    <ClCompile Include="src\ui\WorldListModel.cpp">
      <Filter>src\ui</Filter>
    </ClCompile>
    <ClCompile Include="src\ui\WorldListUI.cpp">
      <Filter>src\ui</Filter>
    </ClCompile>
    <ClCompile Include="src\utils\FileName.cpp">
      <Filter>src\utils</Filter>
    </ClCompile>
    <ClCompile Include="src\utils\text_to_text.cpp">
      <Filter>src\utils</Filter>
    </ClCompile>
    <ClCompile Include="third_party\imgui\imgui.cpp">
      <Filter>third_party\imgui</Filter>
    </ClCompile>
    <ClCompile Include="third_party\imgui\imgui_draw.cpp">
      <Filter>third_party\imgui</Filter>
    </ClCompile>
    <ClCompile Include="third_party\imgui\imgui_impl_glfw.cpp">
      <Filter>third_party\imgui</Filter>
    </ClCompile>
    <ClCompile Include="third_party\imgui\imgui_impl_opengl3.cpp">
      <Filter>third_party\imgui</Filter>
    </ClCompile>
    <ClCompile Include="third_party\imgui\imgui_tables.cpp">
      <Filter>third_party\imgui</Filter>
    </ClCompile>
    <ClCompile Include="third_party\imgui\imgui_widgets.cpp">
      <Filter>third_party\imgui</Filter>
    </ClCompile>
    <ClCompile Include="src\app\ConfigBatchCreationService.cpp">
      <Filter>src\app</Filter>
    </ClCompile>
    <ClCompile Include="src\core\BatchReadinessService.cpp">
      <Filter>src\core</Filter>
    </ClCompile>
    <ClCompile Include="src\core\ConfigFactory.cpp">
      <Filter>src\core</Filter>
    </ClCompile>
    <ClCompile Include="src\core\KnownMinecraftLocationProvider.cpp">
      <Filter>src\core</Filter>
    </ClCompile>
    <ClCompile Include="src\core\MinecraftInstanceDiscoveryService.cpp">
      <Filter>src\core</Filter>
    </ClCompile>
    <ClCompile Include="src\core\MinecraftInstanceInspector.cpp">
      <Filter>src\core</Filter>
    </ClCompile>
    <ClCompile Include="src\core\PathIdentity.cpp">
      <Filter>src\core</Filter>
    </ClCompile>
    <ClCompile Include="src\core\Pcl2ProcessDiscoveryProvider.cpp">
      <Filter>src\core</Filter>
    </ClCompile>
    <ClCompile Include="src\core\ProcessInspectionService.cpp">
      <Filter>src\core</Filter>
    </ClCompile>
    <ClCompile Include="src\core\WizardSession.cpp">
      <Filter>src\core</Filter>
    </ClCompile>
    <ClCompile Include="src\infra\KnownUserFolders.cpp">
      <Filter>src\infra</Filter>
    </ClCompile>
    <ClCompile Include="src\ui\MinecraftSetupUI.cpp">
      <Filter>src\ui</Filter>
    </ClCompile>
    <ClCompile Include="src\ui\SettingsUIApplication.cpp">
      <Filter>src\ui</Filter>
    </ClCompile>
  </ItemGroup>
  <ItemGroup>
    <ClInclude Include="src\app\AppState.h">
      <Filter>src\app</Filter>
    </ClInclude>
    <ClInclude Include="src\app\Application.h">
      <Filter>src\app</Filter>
    </ClInclude>
    <ClInclude Include="src\app\ApplicationActions.h">
      <Filter>src\app</Filter>
    </ClInclude>
    <ClInclude Include="src\app\ApplicationEventRouter.h">
      <Filter>src\app</Filter>
    </ClInclude>
    <ClInclude Include="src\app\AppearanceRuntime.h">
      <Filter>src\app</Filter>
    </ClInclude>
    <ClInclude Include="src\app\DesktopUiLifecycle.h">
      <Filter>src\app</Filter>
    </ClInclude>
    <ClInclude Include="src\app\DesktopUiSession.h">
      <Filter>src\app</Filter>
    </ClInclude>
    <ClInclude Include="src\app\DataModels.h">
      <Filter>src\app</Filter>
    </ClInclude>
    <ClInclude Include="src\app\ConfigSelection.h">
      <Filter>src\app</Filter>
    </ClInclude>
    <ClInclude Include="src\app\Globals.h">
      <Filter>src\app</Filter>
    </ClInclude>
    <ClInclude Include="src\app\ImGuiRuntime.h">
      <Filter>src\app</Filter>
    </ClInclude>
    <ClInclude Include="src\app\LaunchOptions.h">
      <Filter>src\app</Filter>
    </ClInclude>
    <ClInclude Include="src\app\MainUI.h">
      <Filter>src\app</Filter>
    </ClInclude>
	<ClInclude Include="src\app\legacy\LegacyServiceCleanup.h">
	  <Filter>src\app</Filter>
	</ClInclude>
    <ClInclude Include="src\core\ArchiveRunner.h">
      <Filter>src\core</Filter>
    </ClInclude>
    <ClInclude Include="src\core\LauncherDiscoveryUtils.h">
      <Filter>src\core</Filter>
    </ClInclude>
    <ClInclude Include="src\core\ChainSafeRetention.h">
      <Filter>src\core</Filter>
    </ClInclude>
    <ClInclude Include="src\core\BackupChangeDetector.h">
      <Filter>src\core</Filter>
    </ClInclude>
    <ClInclude Include="src\core\BackupManagerInternal.h">
      <Filter>src\core</Filter>
    </ClInclude>
    <ClInclude Include="src\core\BackupManager.h">
      <Filter>src\core</Filter>
    </ClInclude>
    <ClInclude Include="src\core\BackupService.h">
      <Filter>src\core</Filter>
    </ClInclude>
    <ClInclude Include="src\core\CloudSyncService.h">
      <Filter>src\core</Filter>
    </ClInclude>
    <ClInclude Include="src\core\CoreValidation.h">
      <Filter>src\core</Filter>
    </ClInclude>
    <ClInclude Include="src\core\FolderRewindFormat.h">
      <Filter>src\core</Filter>
    </ClInclude>
    <ClInclude Include="src\core\FolderRewindHistoryStore.h">
      <Filter>src\core</Filter>
    </ClInclude>
    <ClInclude Include="src\core\FolderRewindMetadataStore.h">
      <Filter>src\core</Filter>
    </ClInclude>
    <ClInclude Include="src\core\GameSessionManager.h">
      <Filter>src\core</Filter>
    </ClInclude>
    <ClInclude Include="src\core\PathRuleSet.h">
      <Filter>src\core</Filter>
    </ClInclude>
	<ClInclude Include="src\core\LegacyMineBackup15Reader.h">
	  <Filter>src\core</Filter>
	</ClInclude>
    <ClInclude Include="src\core\MigrationCoordinator.h">
      <Filter>src\core</Filter>
    </ClInclude>
	<ClInclude Include="src\core\OperationResult.h">
	  <Filter>src\core</Filter>
	</ClInclude>
	<ClInclude Include="src\core\ProfileConfigCatalog.h">
	  <Filter>src\core</Filter>
	</ClInclude>
	<ClInclude Include="src\core\HotRestoreCoordinator.h">
	  <Filter>src\core</Filter>
	</ClInclude>
	<ClInclude Include="src\core\HmclDiscoveryProvider.h">
	  <Filter>src\core</Filter>
	</ClInclude>
	<ClInclude Include="src\core\JobDocument.h">
	  <Filter>src\core</Filter>
	</ClInclude>
	<ClInclude Include="src\core\JobModels.h">
	  <Filter>src\core</Filter>
	</ClInclude>
	<ClInclude Include="src\core\JobRunner.h">
	  <Filter>src\core</Filter>
	</ClInclude>
	<ClInclude Include="src\core\ProfileConfigRepository.h">
	  <Filter>src\core</Filter>
	</ClInclude>
	<ClInclude Include="src\core\ProfileKnotLinkCommands.h">
	  <Filter>src\core</Filter>
	</ClInclude>
	<ClInclude Include="src\core\ProfileManifest.h">
	  <Filter>src\core</Filter>
	</ClInclude>
	<ClInclude Include="src\core\ProfileRuntime.h">
	  <Filter>src\core</Filter>
	</ClInclude>
	<ClInclude Include="src\core\RestoreService.h">
	  <Filter>src\core</Filter>
	</ClInclude>
	<ClInclude Include="src\core\RestoreWorkspace.h">
	  <Filter>src\core</Filter>
	</ClInclude>
	<ClInclude Include="src\core\WorldIdentity.h">
	  <Filter>src\core</Filter>
	</ClInclude>
	<ClInclude Include="src\core\PrismLauncherDiscoveryProvider.h">
	  <Filter>src\core</Filter>
	</ClInclude>
	<ClInclude Include="src\core\ModrinthDiscoveryProvider.h">
	  <Filter>src\core</Filter>
	</ClInclude>
	<ClInclude Include="src\core\NeteaseMinecraftDiscoveryProvider.h">
	  <Filter>src\core</Filter>
	</ClInclude>
	<ClInclude Include="src\core\RuntimeIntegration.h">
	  <Filter>src\core</Filter>
	</ClInclude>
	<ClInclude Include="src\core\RuntimeCloudPostHook.h">
	  <Filter>src\core</Filter>
	</ClInclude>
	<ClInclude Include="src\core\RuntimeFileLock.h">
	  <Filter>src\core</Filter>
	</ClInclude>
	<ClInclude Include="src\core\RuntimeRetentionService.h">
	  <Filter>src\core</Filter>
	</ClInclude>
	<ClInclude Include="src\core\V15MigrationAdapter.h">
	  <Filter>src\core</Filter>
	</ClInclude>
    <ClInclude Include="src\core\HistoryManager.h">
      <Filter>src\core</Filter>
    </ClInclude>
    <ClInclude Include="src\core\HistoryRepository.h">
      <Filter>src\core</Filter>
    </ClInclude>
    <ClInclude Include="src\core\TaskCoordinator.h">
      <Filter>src\core</Filter>
    </ClInclude>
    <ClInclude Include="src\core\RemoteContentService.h">
      <Filter>src\core</Filter>
    </ClInclude>
    <ClInclude Include="src\core\ExternalToolManager.h">
      <Filter>src\core</Filter>
    </ClInclude>
    <ClInclude Include="src\core\PortableConfigDocument.h">
      <Filter>src\core</Filter>
    </ClInclude>
    <ClInclude Include="src\core\LegacyServicePolicy.h">
      <Filter>src\core</Filter>
    </ClInclude>
    <ClInclude Include="src\infra\AtomicFileWriter.h">
      <Filter>src\infra</Filter>
    </ClInclude>
    <ClInclude Include="src\infra\DiagnosticLogExporter.h">
      <Filter>src\infra</Filter>
    </ClInclude>
    <ClInclude Include="src\infra\AppPaths.h">
      <Filter>src\infra</Filter>
    </ClInclude>
    <ClInclude Include="src\infra\SingleInstanceService.h">
      <Filter>src\infra</Filter>
    </ClInclude>
    <ClInclude Include="src\infra\LegacyLocationDiscovery.h">
      <Filter>src\infra</Filter>
    </ClInclude>
    <ClInclude Include="src\infra\LegacyLocationMigration.h">
      <Filter>src\infra</Filter>
    </ClInclude>
    <ClInclude Include="src\infra\LegacyIniConfigCodec.h">
      <Filter>src\infra</Filter>
    </ClInclude>
    <ClInclude Include="src\infra\ProcessRunner.h">
      <Filter>src\infra</Filter>
    </ClInclude>
    <ClInclude Include="src\infra\ReadOnlyMappedFile.h">
      <Filter>src\infra</Filter>
    </ClInclude>
    <ClInclude Include="src\infra\InterruptedTaskRecovery.h">
      <Filter>src\infra</Filter>
    </ClInclude>
    <ClInclude Include="src\infra\NetworkService.h">
      <Filter>src\infra</Filter>
    </ClInclude>
    <ClInclude Include="src\infra\Sha256.h">
      <Filter>src\infra</Filter>
    </ClInclude>
    <ClInclude Include="src\infra\Broadcast.h">
      <Filter>src\infra</Filter>
    </ClInclude>
    <ClInclude Include="src\infra\KnotLinkPackageManager.h">
      <Filter>src\infra</Filter>
    </ClInclude>
    <ClInclude Include="src\infra\KnotLinkProtocol.h">
      <Filter>src\infra</Filter>
    </ClInclude>
	<ClInclude Include="src\infra\KnotLinkCommandDispatcher.h">
	  <Filter>src\infra</Filter>
	</ClInclude>
    <ClInclude Include="src\infra\KnotLinkServerManager.h">
      <Filter>src\infra</Filter>
    </ClInclude>
    <ClInclude Include="src\infra\KnotLinkService.h">
      <Filter>src\infra</Filter>
    </ClInclude>
    <ClInclude Include="src\infra\ConfigManager.h">
      <Filter>src\infra</Filter>
    </ClInclude>
    <ClInclude Include="src\infra\i18n.h">
      <Filter>src\infra</Filter>
    </ClInclude>
    <ClInclude Include="src\platform\PlatformCompat.h">
      <Filter>src\platform</Filter>
    </ClInclude>
    <ClInclude Include="src\platform\DesktopServices.h">
      <Filter>src\platform</Filter>
    </ClInclude>
    <ClInclude Include="src\platform\NativeDesktopServices.h">
      <Filter>src\platform</Filter>
    </ClInclude>
    <ClInclude Include="src\platform\Platform_linux.h">
      <Filter>src\platform</Filter>
    </ClInclude>
    <ClInclude Include="src\platform\Platform_macos.h">
      <Filter>src\platform</Filter>
    </ClInclude>
    <ClInclude Include="src\platform\Platform_win.h">
      <Filter>src\platform</Filter>
    </ClInclude>
    <ClInclude Include="src\platform\NetworkBackendFactory.h">
      <Filter>src\platform</Filter>
    </ClInclude>
    <ClInclude Include="src\ui\IconsFontAwesome6.h">
      <Filter>src\ui</Filter>
    </ClInclude>
    <ClInclude Include="src\ui\HistoryDialogs.h">
      <Filter>src\ui</Filter>
    </ClInclude>
    <ClInclude Include="src\ui\HistoryViewModel.h">
      <Filter>src\ui</Filter>
    </ClInclude>
    <ClInclude Include="src\ui\MainUiController.h">
      <Filter>src\ui</Filter>
    </ClInclude>
    <ClInclude Include="src\ui\MigrationReportUI.h">
      <Filter>src\ui</Filter>
    </ClInclude>
    <ClInclude Include="src\ui\SettingsUI.h">
      <Filter>src\ui</Filter>
    </ClInclude>
    <ClInclude Include="src\ui\SettingsUIHotkeys.h">
      <Filter>src\ui</Filter>
    </ClInclude>
    <ClInclude Include="src\ui\SettingsUIPrivate.h">
      <Filter>src\ui</Filter>
    </ClInclude>
    <ClInclude Include="src\ui\imgui-all.h">
      <Filter>src\ui</Filter>
    </ClInclude>
    <ClInclude Include="src\ui\UIHelpers.h">
      <Filter>src\ui</Filter>
    </ClInclude>
    <ClInclude Include="src\ui\ThemeManager.h">
      <Filter>src\ui</Filter>
    </ClInclude>
    <ClInclude Include="src\ui\ThemePalette.h">
      <Filter>src\ui</Filter>
    </ClInclude>
    <ClInclude Include="src\ui\WorldListController.h">
      <Filter>src\ui</Filter>
    </ClInclude>
    <ClInclude Include="src\ui\WorldListModel.h">
      <Filter>src\ui</Filter>
    </ClInclude>
    <ClInclude Include="src\utils\FileName.h">
      <Filter>src\utils</Filter>
    </ClInclude>
    <ClInclude Include="src\utils\text_to_text.h">
      <Filter>src\utils</Filter>
    </ClInclude>
    <ClInclude Include="third_party\imgui\imconfig.h">
      <Filter>third_party\imgui</Filter>
    </ClInclude>
    <ClInclude Include="third_party\imgui\imgui.h">
      <Filter>third_party\imgui</Filter>
    </ClInclude>
    <ClInclude Include="third_party\imgui\imgui_impl_glfw.h">
      <Filter>third_party\imgui</Filter>
    </ClInclude>
    <ClInclude Include="third_party\imgui\imgui_impl_opengl3.h">
      <Filter>third_party\imgui</Filter>
    </ClInclude>
    <ClInclude Include="third_party\imgui\imgui_impl_opengl3_loader.h">
      <Filter>third_party\imgui</Filter>
    </ClInclude>
    <ClInclude Include="third_party\imgui\imgui_internal.h">
      <Filter>third_party\imgui</Filter>
    </ClInclude>
    <ClInclude Include="third_party\imgui\imstb_rectpack.h">
      <Filter>third_party\imgui</Filter>
    </ClInclude>
    <ClInclude Include="third_party\imgui\imstb_textedit.h">
      <Filter>third_party\imgui</Filter>
    </ClInclude>
    <ClInclude Include="third_party\imgui\imstb_truetype.h">
      <Filter>third_party\imgui</Filter>
    </ClInclude>
    <ClInclude Include="third_party\json\json.hpp">
      <Filter>third_party\json</Filter>
    </ClInclude>
    <ClInclude Include="third_party\stb\stb_image.h">
      <Filter>third_party\stb</Filter>
    </ClInclude>
    <ClInclude Include="src\app\ConfigBatchCreationService.h">
      <Filter>src\app</Filter>
    </ClInclude>
    <ClInclude Include="src\core\BatchReadinessService.h">
      <Filter>src\core</Filter>
    </ClInclude>
    <ClInclude Include="src\core\ConfigFactory.h">
      <Filter>src\core</Filter>
    </ClInclude>
    <ClInclude Include="src\core\KnownMinecraftLocationProvider.h">
      <Filter>src\core</Filter>
    </ClInclude>
    <ClInclude Include="src\core\MinecraftDiscovery.h">
      <Filter>src\core</Filter>
    </ClInclude>
    <ClInclude Include="src\core\MinecraftInstanceDiscoveryService.h">
      <Filter>src\core</Filter>
    </ClInclude>
    <ClInclude Include="src\core\MinecraftInstanceInspector.h">
      <Filter>src\core</Filter>
    </ClInclude>
    <ClInclude Include="src\core\MinecraftTypes.h">
      <Filter>src\core</Filter>
    </ClInclude>
    <ClInclude Include="src\core\PathIdentity.h">
      <Filter>src\core</Filter>
    </ClInclude>
    <ClInclude Include="src\core\Pcl2ProcessDiscoveryProvider.h">
      <Filter>src\core</Filter>
    </ClInclude>
    <ClInclude Include="src\core\ProcessInspectionService.h">
      <Filter>src\core</Filter>
    </ClInclude>
    <ClInclude Include="src\core\WizardSession.h">
      <Filter>src\core</Filter>
    </ClInclude>
    <ClInclude Include="src\infra\KnownUserFolders.h">
      <Filter>src\infra</Filter>
    </ClInclude>
    <ClInclude Include="src\ui\MinecraftSetupUI.h">
      <Filter>src\ui</Filter>
    </ClInclude>
  </ItemGroup>
  <ItemGroup>
    <ResourceCompile Include="MineBackup.rc">
      <Filter>resources</Filter>
    </ResourceCompile>
  </ItemGroup>
  <ItemGroup>
    <None Include="Assets\7za.exe">
      <Filter>resources</Filter>
    </None>
  </ItemGroup>
  <ItemGroup>
    <Image Include="Assets\icons\mine10.ico">
      <Filter>resources</Filter>
    </Image>
    <Image Include="Assets\icons\mine30.ico">
      <Filter>resources</Filter>
    </Image>
  </ItemGroup>
  <ItemGroup>
    <Font Include="Assets\fontawesome-sp.otf">
      <Filter>resources</Filter>
    </Font>
  </ItemGroup>
  <ItemGroup>
    <Text Include="CustomTheme.txt">
      <Filter>resources</Filter>
    </Text>
  </ItemGroup>
</Project>
