<?xml version="1.0" encoding="utf-8"?>
<Project xmlns="http://schemas.microsoft.com/developer/msbuild/2003" ToolsVersion="4.0">
  <ItemGroup>
    <Filter Include="Assets">
      <UniqueIdentifier>{CB8D3CE1-0822-5A98-8901-955C341AF689}</UniqueIdentifier>
    </Filter>
    <Filter Include="Assets\icons">
      <UniqueIdentifier>{AA0F4093-9701-5260-9CD2-9A3B522076F3}</UniqueIdentifier>
    </Filter>
    <Filter Include="src">
      <UniqueIdentifier>{986A6F57-3FB9-554C-B568-D894C49935A5}</UniqueIdentifier>
    </Filter>
    <Filter Include="src\desktop">
      <UniqueIdentifier>{AAB777D2-22FE-525F-B837-C74FE8C00D2A}</UniqueIdentifier>
    </Filter>
    <Filter Include="src\desktop\adapters">
      <UniqueIdentifier>{3E002C95-711B-5ED2-AB58-FA8109901637}</UniqueIdentifier>
    </Filter>
    <Filter Include="src\desktop\app">
      <UniqueIdentifier>{3020F3B2-BAD8-5761-B1A8-4130FDDC3EB7}</UniqueIdentifier>
    </Filter>
    <Filter Include="src\desktop\legacy">
      <UniqueIdentifier>{02A9F016-BAFC-56C1-962C-E7536A1BDEF9}</UniqueIdentifier>
    </Filter>
    <Filter Include="src\desktop\platform">
      <UniqueIdentifier>{43737430-AFDF-5083-AC8F-575FCB884434}</UniqueIdentifier>
    </Filter>
    <Filter Include="src\desktop\ui">
      <UniqueIdentifier>{AD898D43-B3FB-55CD-B7DD-6F091C580A11}</UniqueIdentifier>
    </Filter>
    <Filter Include="src\domain">
      <UniqueIdentifier>{18340891-4A19-52DD-B749-21B2C2EA25D6}</UniqueIdentifier>
    </Filter>
    <Filter Include="src\infra">
      <UniqueIdentifier>{B35258A9-E458-5C48-BECF-593FBDA3AF3E}</UniqueIdentifier>
    </Filter>
    <Filter Include="src\infra\config">
      <UniqueIdentifier>{3F156252-ABCE-528A-808B-64DED3F82B87}</UniqueIdentifier>
    </Filter>
    <Filter Include="src\infra\legacy">
      <UniqueIdentifier>{76906DCE-F4A3-52DB-9CD6-E36C84BB5A02}</UniqueIdentifier>
    </Filter>
    <Filter Include="src\infra\platform">
      <UniqueIdentifier>{46226F04-37E6-50CA-A81C-F30C660933B3}</UniqueIdentifier>
    </Filter>
    <Filter Include="src\infra\storage">
      <UniqueIdentifier>{3546097C-C2D6-5589-8AD8-6B66477CFBAF}</UniqueIdentifier>
    </Filter>
    <Filter Include="src\infra\text">
      <UniqueIdentifier>{2A3BA49C-36C2-5DF1-96F4-99B3F6F9B82F}</UniqueIdentifier>
    </Filter>
    <Filter Include="src\runtime">
      <UniqueIdentifier>{1B0193F1-6FFD-54D3-9158-F22999632455}</UniqueIdentifier>
    </Filter>
    <Filter Include="third_party">
      <UniqueIdentifier>{2A9C6EC0-8E48-5B40-A230-57237BCC8205}</UniqueIdentifier>
    </Filter>
    <Filter Include="third_party\imgui">
      <UniqueIdentifier>{0748F439-A43B-5F4B-8420-88092B0DD027}</UniqueIdentifier>
    </Filter>
    <Filter Include="third_party\json">
      <UniqueIdentifier>{1AAA8B74-44C5-5FB4-99C6-D4FB0251F971}</UniqueIdentifier>
    </Filter>
    <Filter Include="third_party\spdlog">
      <UniqueIdentifier>{5300EE08-EF19-5E15-B9A0-6F1656781ED2}</UniqueIdentifier>
    </Filter>
    <Filter Include="third_party\spdlog\src">
      <UniqueIdentifier>{7BF3BB1D-16B2-5194-ACD9-78E48C58EB8F}</UniqueIdentifier>
    </Filter>
    <Filter Include="third_party\stb">
      <UniqueIdentifier>{14790597-4631-5965-9B69-FF4C7BBDA5FD}</UniqueIdentifier>
    </Filter>
  </ItemGroup>
  <ItemGroup>
    <ClCompile Include="src\desktop\app\Application.cpp">
      <Filter>src\desktop\app</Filter>
    </ClCompile>
    <ClCompile Include="src\desktop\app\ApplicationActions.cpp">
      <Filter>src\desktop\app</Filter>
    </ClCompile>
    <ClCompile Include="src\desktop\app\ApplicationEventRouter.cpp">
      <Filter>src\desktop\app</Filter>
    </ClCompile>
    <ClCompile Include="src\desktop\app\AppearanceRuntime.cpp">
      <Filter>src\desktop\app</Filter>
    </ClCompile>
    <ClCompile Include="src\desktop\app\DesktopUiLifecycle.cpp">
      <Filter>src\desktop\app</Filter>
    </ClCompile>
    <ClCompile Include="src\desktop\app\DesktopUiSession.cpp">
      <Filter>src\desktop\app</Filter>
    </ClCompile>
    <ClCompile Include="src\desktop\app\AppState.cpp">
      <Filter>src\desktop\app</Filter>
    </ClCompile>
    <ClCompile Include="src\desktop\app\ConfigBatchCreationService.cpp">
      <Filter>src\desktop\app</Filter>
    </ClCompile>
    <ClCompile Include="src\runtime\ConfigSelection.cpp">
      <Filter>src\runtime</Filter>
    </ClCompile>
    <ClCompile Include="src\desktop\app\LaunchOptions.cpp">
      <Filter>src\desktop\app</Filter>
    </ClCompile>
    <ClCompile Include="src\desktop\app\Globals.cpp">
      <Filter>src\desktop\app</Filter>
    </ClCompile>
    <ClCompile Include="src\desktop\app\ImGuiRuntime.cpp">
      <Filter>src\desktop\app</Filter>
    </ClCompile>
    <ClCompile Include="src\desktop\legacy\LegacyServiceCleanup.cpp">
      <Filter>src\desktop\legacy</Filter>
    </ClCompile>
    <ClCompile Include="src\desktop\app\MineBackup.cpp">
      <Filter>src\desktop\app</Filter>
    </ClCompile>
    <ClCompile Include="src\infra\ArchiveRunner.cpp">
      <Filter>src\infra</Filter>
    </ClCompile>
    <ClCompile Include="src\runtime\ChainSafeRetention.cpp">
      <Filter>src\runtime</Filter>
    </ClCompile>
    <ClCompile Include="src\infra\BackupChangeDetector.cpp">
      <Filter>src\infra</Filter>
    </ClCompile>
    <ClCompile Include="src\desktop\adapters\BackupAuxiliary.cpp">
      <Filter>src\desktop\adapters</Filter>
    </ClCompile>
    <ClCompile Include="src\infra\config\ConfigIniCodec.cpp">
      <Filter>src\infra\config</Filter>
    </ClCompile>
    <ClCompile Include="src\runtime\ProfileTransaction.cpp">
      <Filter>src\runtime</Filter>
    </ClCompile>
    <ClCompile Include="src\runtime\BackupManager.cpp">
      <Filter>src\runtime</Filter>
    </ClCompile>
    <ClCompile Include="src\desktop\adapters\BackupManagerDesktop.cpp">
      <Filter>src\desktop\adapters</Filter>
    </ClCompile>
    <ClCompile Include="src\desktop\adapters\BackupRestore.cpp">
      <Filter>src\desktop\adapters</Filter>
    </ClCompile>
    <ClCompile Include="src\desktop\adapters\BackupRetention.cpp">
      <Filter>src\desktop\adapters</Filter>
    </ClCompile>
    <ClCompile Include="src\runtime\BatchReadinessService.cpp">
      <Filter>src\runtime</Filter>
    </ClCompile>
    <ClCompile Include="src\infra\storage\CloudHistoryAnalysis.cpp">
      <Filter>src\infra\storage</Filter>
    </ClCompile>
    <ClCompile Include="src\desktop\adapters\CloudHistorySync.cpp">
      <Filter>src\desktop\adapters</Filter>
    </ClCompile>
    <ClCompile Include="src\desktop\adapters\CloudPortableConfig.cpp">
      <Filter>src\desktop\adapters</Filter>
    </ClCompile>
    <ClCompile Include="src\desktop\adapters\CloudSyncService.cpp">
      <Filter>src\desktop\adapters</Filter>
    </ClCompile>
    <ClCompile Include="src\runtime\ConfigFactory.cpp">
      <Filter>src\runtime</Filter>
    </ClCompile>
    <ClCompile Include="src\desktop\adapters\CoreValidation.cpp">
      <Filter>src\desktop\adapters</Filter>
    </ClCompile>
    <ClCompile Include="src\infra\storage\FolderRewindFormat.cpp">
      <Filter>src\infra\storage</Filter>
    </ClCompile>
    <ClCompile Include="src\infra\storage\FolderRewindHistoryStore.cpp">
      <Filter>src\infra\storage</Filter>
    </ClCompile>
    <ClCompile Include="src\infra\storage\FolderRewindMetadataStore.cpp">
      <Filter>src\infra\storage</Filter>
    </ClCompile>
    <ClCompile Include="src\infra\legacy\LegacyMineBackup15Reader.cpp">
      <Filter>src\infra\legacy</Filter>
    </ClCompile>
    <ClCompile Include="src\runtime\MigrationCoordinator.cpp">
      <Filter>src\runtime</Filter>
    </ClCompile>
    <ClCompile Include="src\domain\OperationResult.cpp">
      <Filter>src\domain</Filter>
    </ClCompile>
    <ClCompile Include="src\runtime\HotRestoreCoordinator.cpp">
      <Filter>src\runtime</Filter>
    </ClCompile>
    <ClCompile Include="src\runtime\HmclDiscoveryProvider.cpp">
      <Filter>src\runtime</Filter>
    </ClCompile>
    <ClCompile Include="src\infra\config\JobDocument.cpp">
      <Filter>src\infra\config</Filter>
    </ClCompile>
    <ClCompile Include="src\runtime\JobRunner.cpp">
      <Filter>src\runtime</Filter>
    </ClCompile>
    <ClCompile Include="src\runtime\KnownMinecraftLocationProvider.cpp">
      <Filter>src\runtime</Filter>
    </ClCompile>
    <ClCompile Include="src\runtime\LauncherDiscoveryUtils.cpp">
      <Filter>src\runtime</Filter>
    </ClCompile>
    <ClCompile Include="src\runtime\MinecraftInstanceDiscoveryService.cpp">
      <Filter>src\runtime</Filter>
    </ClCompile>
    <ClCompile Include="src\runtime\MinecraftInstanceInspector.cpp">
      <Filter>src\runtime</Filter>
    </ClCompile>
    <ClCompile Include="src\runtime\ModrinthDiscoveryProvider.cpp">
      <Filter>src\runtime</Filter>
    </ClCompile>
    <ClCompile Include="src\runtime\NeteaseMinecraftDiscoveryProvider.cpp">
      <Filter>src\runtime</Filter>
    </ClCompile>
    <ClCompile Include="src\infra\PathIdentity.cpp">
      <Filter>src\infra</Filter>
    </ClCompile>
    <ClCompile Include="src\runtime\Pcl2ProcessDiscoveryProvider.cpp">
      <Filter>src\runtime</Filter>
    </ClCompile>
    <ClCompile Include="src\runtime\PrismLauncherDiscoveryProvider.cpp">
      <Filter>src\runtime</Filter>
    </ClCompile>
    <ClCompile Include="src\infra\ProcessInspectionService.cpp">
      <Filter>src\infra</Filter>
    </ClCompile>
    <ClCompile Include="src\runtime\ProfileConfigCatalog.cpp">
      <Filter>src\runtime</Filter>
    </ClCompile>
    <ClCompile Include="src\runtime\ProfileConfigRepository.cpp">
      <Filter>src\runtime</Filter>
    </ClCompile>
    <ClCompile Include="src\runtime\ProfileKnotLinkCommands.cpp">
      <Filter>src\runtime</Filter>
    </ClCompile>
    <ClCompile Include="src\runtime\ProfileManifest.cpp">
      <Filter>src\runtime</Filter>
    </ClCompile>
    <ClCompile Include="src\runtime\ProfileRuntime.cpp">
      <Filter>src\runtime</Filter>
    </ClCompile>
    <ClCompile Include="src\runtime\RestoreService.cpp">
      <Filter>src\runtime</Filter>
    </ClCompile>
    <ClCompile Include="src\runtime\RestoreWorkspace.cpp">
      <Filter>src\runtime</Filter>
    </ClCompile>
    <ClCompile Include="src\infra\WorldIdentity.cpp">
      <Filter>src\infra</Filter>
    </ClCompile>
    <ClCompile Include="src\runtime\RuntimeIntegration.cpp">
      <Filter>src\runtime</Filter>
    </ClCompile>
    <ClCompile Include="src\runtime\RuntimeCloudPostHook.cpp">
      <Filter>src\runtime</Filter>
    </ClCompile>
    <ClCompile Include="src\runtime\RuntimeFileLock.cpp">
      <Filter>src\runtime</Filter>
    </ClCompile>
    <ClCompile Include="src\runtime\RuntimeRetentionService.cpp">
      <Filter>src\runtime</Filter>
    </ClCompile>
    <ClCompile Include="src\desktop\legacy\V15MigrationAdapter.cpp">
      <Filter>src\desktop\legacy</Filter>
    </ClCompile>
    <ClCompile Include="src\desktop\adapters\GameSessionManager.cpp">
      <Filter>src\desktop\adapters</Filter>
    </ClCompile>
    <ClCompile Include="src\desktop\adapters\HistoryManager.cpp">
      <Filter>src\desktop\adapters</Filter>
    </ClCompile>
    <ClCompile Include="src\runtime\HistoryRepository.cpp">
      <Filter>src\runtime</Filter>
    </ClCompile>
    <ClCompile Include="src\infra\PathRuleSet.cpp">
      <Filter>src\infra</Filter>
    </ClCompile>
    <ClCompile Include="src\runtime\TaskCoordinator.cpp">
      <Filter>src\runtime</Filter>
    </ClCompile>
    <ClCompile Include="src\runtime\WizardSession.cpp">
      <Filter>src\runtime</Filter>
    </ClCompile>
    <ClCompile Include="src\infra\RemoteContentService.cpp">
      <Filter>src\infra</Filter>
    </ClCompile>
    <ClCompile Include="src\infra\ExternalToolManager.cpp">
      <Filter>src\infra</Filter>
    </ClCompile>
    <ClCompile Include="src\infra\config\PortableConfigDocument.cpp">
      <Filter>src\infra\config</Filter>
    </ClCompile>
    <ClCompile Include="src\infra\RcloneClient.cpp">
      <Filter>src\infra</Filter>
    </ClCompile>
    <ClCompile Include="src\infra\LegacyServicePolicy.cpp">
      <Filter>src\infra</Filter>
    </ClCompile>
    <ClCompile Include="src\infra\AtomicFileWriter.cpp">
      <Filter>src\infra</Filter>
    </ClCompile>
    <ClCompile Include="src\infra\DiagnosticLogExporter.cpp">
      <Filter>src\infra</Filter>
    </ClCompile>
    <ClCompile Include="src\infra\AppPaths.cpp">
      <Filter>src\infra</Filter>
    </ClCompile>
    <ClCompile Include="src\infra\SingleInstanceService.cpp">
      <Filter>src\infra</Filter>
    </ClCompile>
    <ClCompile Include="src\infra\LegacyLocationDiscovery.cpp">
      <Filter>src\infra</Filter>
    </ClCompile>
    <ClCompile Include="src\infra\LegacyLocationMigration.cpp">
      <Filter>src\infra</Filter>
    </ClCompile>
    <ClCompile Include="src\infra\config\LegacyIniConfigCodec.cpp">
      <Filter>src\infra\config</Filter>
    </ClCompile>
    <ClCompile Include="src\infra\KnownUserFolders.cpp">
      <Filter>src\infra</Filter>
    </ClCompile>
    <ClCompile Include="src\infra\Logging.cpp">
      <Filter>src\infra</Filter>
    </ClCompile>
    <ClCompile Include="src\infra\ProcessRunner.cpp">
      <Filter>src\infra</Filter>
    </ClCompile>
    <ClCompile Include="src\infra\ReadOnlyMappedFile.cpp">
      <Filter>src\infra</Filter>
    </ClCompile>
    <ClCompile Include="src\infra\InterruptedTaskRecovery.cpp">
      <Filter>src\infra</Filter>
    </ClCompile>
    <ClCompile Include="src\infra\NetworkService.cpp">
      <Filter>src\infra</Filter>
    </ClCompile>
    <ClCompile Include="src\infra\Sha256.cpp">
      <Filter>src\infra</Filter>
    </ClCompile>
    <ClCompile Include="src\desktop\adapters\DesktopServices.cpp">
      <Filter>src\desktop\adapters</Filter>
    </ClCompile>
    <ClCompile Include="src\infra\KnotLinkPackageManager.cpp">
      <Filter>src\infra</Filter>
    </ClCompile>
    <ClCompile Include="src\infra\KnotLinkCommandDispatcher.cpp">
      <Filter>src\infra</Filter>
    </ClCompile>
    <ClCompile Include="src\infra\KnotLinkProtocol.cpp">
      <Filter>src\infra</Filter>
    </ClCompile>
    <ClCompile Include="src\desktop\adapters\KnotLinkServerManager.cpp">
      <Filter>src\desktop\adapters</Filter>
    </ClCompile>
    <ClCompile Include="src\desktop\adapters\KnotLinkService.cpp">
      <Filter>src\desktop\adapters</Filter>
    </ClCompile>
    <ClCompile Include="src\desktop\adapters\Broadcast.cpp">
      <Filter>src\desktop\adapters</Filter>
    </ClCompile>
    <ClCompile Include="src\desktop\adapters\ConfigManager.cpp">
      <Filter>src\desktop\adapters</Filter>
    </ClCompile>
    <ClCompile Include="src\desktop\adapters\i18n.cpp">
      <Filter>src\desktop\adapters</Filter>
    </ClCompile>
    <ClCompile Include="src\desktop\platform\Platform_win.cpp">
      <Filter>src\desktop\platform</Filter>
    </ClCompile>
    <ClCompile Include="src\desktop\platform\NativeDesktopServices.cpp">
      <Filter>src\desktop\platform</Filter>
    </ClCompile>
    <ClCompile Include="src\infra\platform\NetworkBackend_win.cpp">
      <Filter>src\infra\platform</Filter>
    </ClCompile>
    <ClCompile Include="src\desktop\ui\CommandConsole.cpp">
      <Filter>src\desktop\ui</Filter>
    </ClCompile>
    <ClCompile Include="src\desktop\ui\HistoryDialogs.cpp">
      <Filter>src\desktop\ui</Filter>
    </ClCompile>
    <ClCompile Include="src\desktop\ui\HistoryUI.cpp">
      <Filter>src\desktop\ui</Filter>
    </ClCompile>
    <ClCompile Include="src\desktop\ui\HistoryViewModel.cpp">
      <Filter>src\desktop\ui</Filter>
    </ClCompile>
    <ClCompile Include="src\desktop\ui\LogPanel.cpp">
      <Filter>src\desktop\ui</Filter>
    </ClCompile>
    <ClCompile Include="src\desktop\ui\MainUI.cpp">
      <Filter>src\desktop\ui</Filter>
    </ClCompile>
    <ClCompile Include="src\desktop\ui\MigrationReportUI.cpp">
      <Filter>src\desktop\ui</Filter>
    </ClCompile>
    <ClCompile Include="src\desktop\ui\MinecraftSetupUI.cpp">
      <Filter>src\desktop\ui</Filter>
    </ClCompile>
    <ClCompile Include="src\desktop\ui\SettingsUIAppearance.cpp">
      <Filter>src\desktop\ui</Filter>
    </ClCompile>
    <ClCompile Include="src\desktop\ui\SettingsUIConfig.cpp">
      <Filter>src\desktop\ui</Filter>
    </ClCompile>
    <ClCompile Include="src\desktop\ui\SettingsUI.cpp">
      <Filter>src\desktop\ui</Filter>
    </ClCompile>
    <ClCompile Include="src\desktop\ui\SettingsUIApplication.cpp">
      <Filter>src\desktop\ui</Filter>
    </ClCompile>
    <ClCompile Include="src\desktop\ui\SettingsUISpecial.cpp">
      <Filter>src\desktop\ui</Filter>
    </ClCompile>
    <ClCompile Include="src\desktop\ui\SettingsUIHotkeys.cpp">
      <Filter>src\desktop\ui</Filter>
    </ClCompile>
    <ClCompile Include="src\desktop\ui\WizardUI.cpp">
      <Filter>src\desktop\ui</Filter>
    </ClCompile>
    <ClCompile Include="src\desktop\ui\WorldListController.cpp">
      <Filter>src\desktop\ui</Filter>
    </ClCompile>
    <ClCompile Include="src\desktop\ui\WorldListModel.cpp">
      <Filter>src\desktop\ui</Filter>
    </ClCompile>
    <ClCompile Include="src\desktop\ui\WorldListUI.cpp">
      <Filter>src\desktop\ui</Filter>
    </ClCompile>
    <ClCompile Include="src\infra\text\FileName.cpp">
      <Filter>src\infra\text</Filter>
    </ClCompile>
    <ClCompile Include="src\infra\text\text_to_text.cpp">
      <Filter>src\infra\text</Filter>
    </ClCompile>
    <ClCompile Include="third_party\imgui\imgui.cpp">
      <Filter>third_party\imgui</Filter>
    </ClCompile>
    <ClCompile Include="third_party\imgui\imgui_draw.cpp">
      <Filter>third_party\imgui</Filter>
    </ClCompile>
    <ClCompile Include="third_party\imgui\imgui_impl_glfw.cpp">
      <Filter>third_party\imgui</Filter>
    </ClCompile>
    <ClCompile Include="third_party\imgui\imgui_impl_opengl3.cpp">
      <Filter>third_party\imgui</Filter>
    </ClCompile>
    <ClCompile Include="third_party\imgui\imgui_tables.cpp">
      <Filter>third_party\imgui</Filter>
    </ClCompile>
    <ClCompile Include="third_party\imgui\imgui_widgets.cpp">
      <Filter>third_party\imgui</Filter>
    </ClCompile>
    <ClCompile Include="third_party\spdlog\src\async.cpp">
      <Filter>third_party\spdlog\src</Filter>
    </ClCompile>
    <ClCompile Include="third_party\spdlog\src\bundled_fmtlib_format.cpp">
      <Filter>third_party\spdlog\src</Filter>
    </ClCompile>
    <ClCompile Include="third_party\spdlog\src\cfg.cpp">
      <Filter>third_party\spdlog\src</Filter>
    </ClCompile>
    <ClCompile Include="third_party\spdlog\src\color_sinks.cpp">
      <Filter>third_party\spdlog\src</Filter>
    </ClCompile>
    <ClCompile Include="third_party\spdlog\src\file_sinks.cpp">
      <Filter>third_party\spdlog\src</Filter>
    </ClCompile>
    <ClCompile Include="third_party\spdlog\src\spdlog.cpp">
      <Filter>third_party\spdlog\src</Filter>
    </ClCompile>
    <ClCompile Include="third_party\spdlog\src\stdout_sinks.cpp">
      <Filter>third_party\spdlog\src</Filter>
    </ClCompile>
  </ItemGroup>
  <ItemGroup>
    <ClInclude Include="src\desktop\platform\DesktopPlatform.h">
      <Filter>src\desktop\platform</Filter>
    </ClInclude>
    <ClInclude Include="src\desktop\app\DesktopRuntimeState.h">
      <Filter>src\desktop\app</Filter>
    </ClInclude>
    <ClInclude Include="src\domain\ModVersion.h">
      <Filter>src\domain</Filter>
    </ClInclude>
    <ClInclude Include="src\domain\ProcessModels.h">
      <Filter>src\domain</Filter>
    </ClInclude>
    <ClInclude Include="src\desktop\app\Application.h">
      <Filter>src\desktop\app</Filter>
    </ClInclude>
    <ClInclude Include="src\desktop\app\ApplicationActions.h">
      <Filter>src\desktop\app</Filter>
    </ClInclude>
    <ClInclude Include="src\desktop\app\ApplicationEventRouter.h">
      <Filter>src\desktop\app</Filter>
    </ClInclude>
    <ClInclude Include="src\desktop\app\AppearanceRuntime.h">
      <Filter>src\desktop\app</Filter>
    </ClInclude>
    <ClInclude Include="src\desktop\app\AppState.h">
      <Filter>src\desktop\app</Filter>
    </ClInclude>
    <ClInclude Include="src\desktop\app\ConfigBatchCreationService.h">
      <Filter>src\desktop\app</Filter>
    </ClInclude>
    <ClInclude Include="src\runtime\ConfigSelection.h">
      <Filter>src\runtime</Filter>
    </ClInclude>
    <ClInclude Include="src\domain\DataModels.h">
      <Filter>src\domain</Filter>
    </ClInclude>
    <ClInclude Include="src\desktop\app\Globals.h">
      <Filter>src\desktop\app</Filter>
    </ClInclude>
    <ClInclude Include="src\desktop\app\ImGuiRuntime.h">
      <Filter>src\desktop\app</Filter>
    </ClInclude>
    <ClInclude Include="src\desktop\app\LaunchOptions.h">
      <Filter>src\desktop\app</Filter>
    </ClInclude>
    <ClInclude Include="src\desktop\app\MainUI.h">
      <Filter>src\desktop\app</Filter>
    </ClInclude>
    <ClInclude Include="src\desktop\legacy\LegacyServiceCleanup.h">
      <Filter>src\desktop\legacy</Filter>
    </ClInclude>
    <ClInclude Include="src\infra\ArchiveRunner.h">
      <Filter>src\infra</Filter>
    </ClInclude>
    <ClInclude Include="src\runtime\BatchReadinessService.h">
      <Filter>src\runtime</Filter>
    </ClInclude>
    <ClInclude Include="src\runtime\ChainSafeRetention.h">
      <Filter>src\runtime</Filter>
    </ClInclude>
    <ClInclude Include="src\domain\CompressionPolicy.h">
      <Filter>src\domain</Filter>
    </ClInclude>
    <ClInclude Include="src\infra\BackupChangeDetector.h">
      <Filter>src\infra</Filter>
    </ClInclude>
    <ClInclude Include="src\infra\config\ConfigIniCodec.h">
      <Filter>src\infra\config</Filter>
    </ClInclude>
    <ClInclude Include="src\runtime\ProfileTransaction.h">
      <Filter>src\runtime</Filter>
    </ClInclude>
    <ClInclude Include="src\desktop\adapters\BackupManager.h">
      <Filter>src\desktop\adapters</Filter>
    </ClInclude>
    <ClInclude Include="src\runtime\BackupManagerInternal.h">
      <Filter>src\runtime</Filter>
    </ClInclude>
    <ClInclude Include="src\runtime\BackupService.h">
      <Filter>src\runtime</Filter>
    </ClInclude>
    <ClInclude Include="src\desktop\adapters\CloudSyncService.h">
      <Filter>src\desktop\adapters</Filter>
    </ClInclude>
    <ClInclude Include="src\runtime\ConfigFactory.h">
      <Filter>src\runtime</Filter>
    </ClInclude>
    <ClInclude Include="src\desktop\adapters\CoreValidation.h">
      <Filter>src\desktop\adapters</Filter>
    </ClInclude>
    <ClInclude Include="src\infra\storage\FolderRewindFormat.h">
      <Filter>src\infra\storage</Filter>
    </ClInclude>
    <ClInclude Include="src\infra\storage\FolderRewindHistoryStore.h">
      <Filter>src\infra\storage</Filter>
    </ClInclude>
    <ClInclude Include="src\infra\storage\FolderRewindMetadataStore.h">
      <Filter>src\infra\storage</Filter>
    </ClInclude>
    <ClInclude Include="src\desktop\adapters\GameSessionManager.h">
      <Filter>src\desktop\adapters</Filter>
    </ClInclude>
    <ClInclude Include="src\infra\legacy\LegacyMineBackup15Reader.h">
      <Filter>src\infra\legacy</Filter>
    </ClInclude>
    <ClInclude Include="src\runtime\MigrationCoordinator.h">
      <Filter>src\runtime</Filter>
    </ClInclude>
    <ClInclude Include="src\domain\OperationResult.h">
      <Filter>src\domain</Filter>
    </ClInclude>
    <ClInclude Include="src\runtime\HotRestoreCoordinator.h">
      <Filter>src\runtime</Filter>
    </ClInclude>
    <ClInclude Include="src\runtime\HmclDiscoveryProvider.h">
      <Filter>src\runtime</Filter>
    </ClInclude>
    <ClInclude Include="src\infra\config\JobDocument.h">
      <Filter>src\infra\config</Filter>
    </ClInclude>
    <ClInclude Include="src\domain\JobModels.h">
      <Filter>src\domain</Filter>
    </ClInclude>
    <ClInclude Include="src\runtime\JobRunner.h">
      <Filter>src\runtime</Filter>
    </ClInclude>
    <ClInclude Include="src\runtime\KnownMinecraftLocationProvider.h">
      <Filter>src\runtime</Filter>
    </ClInclude>
    <ClInclude Include="src\runtime\LauncherDiscoveryUtils.h">
      <Filter>src\runtime</Filter>
    </ClInclude>
    <ClInclude Include="src\runtime\MinecraftDiscovery.h">
      <Filter>src\runtime</Filter>
    </ClInclude>
    <ClInclude Include="src\runtime\MinecraftInstanceDiscoveryService.h">
      <Filter>src\runtime</Filter>
    </ClInclude>
    <ClInclude Include="src\runtime\MinecraftInstanceInspector.h">
      <Filter>src\runtime</Filter>
    </ClInclude>
    <ClInclude Include="src\domain\MinecraftTypes.h">
      <Filter>src\domain</Filter>
    </ClInclude>
    <ClInclude Include="src\runtime\ModrinthDiscoveryProvider.h">
      <Filter>src\runtime</Filter>
    </ClInclude>
    <ClInclude Include="src\runtime\NeteaseMinecraftDiscoveryProvider.h">
      <Filter>src\runtime</Filter>
    </ClInclude>
    <ClInclude Include="src\infra\PathIdentity.h">
      <Filter>src\infra</Filter>
    </ClInclude>
    <ClInclude Include="src\runtime\Pcl2ProcessDiscoveryProvider.h">
      <Filter>src\runtime</Filter>
    </ClInclude>
    <ClInclude Include="src\runtime\PrismLauncherDiscoveryProvider.h">
      <Filter>src\runtime</Filter>
    </ClInclude>
    <ClInclude Include="src\infra\ProcessInspectionService.h">
      <Filter>src\infra</Filter>
    </ClInclude>
    <ClInclude Include="src\runtime\ProfileConfigCatalog.h">
      <Filter>src\runtime</Filter>
    </ClInclude>
    <ClInclude Include="src\runtime\ProfileConfigRepository.h">
      <Filter>src\runtime</Filter>
    </ClInclude>
    <ClInclude Include="src\runtime\ProfileKnotLinkCommands.h">
      <Filter>src\runtime</Filter>
    </ClInclude>
    <ClInclude Include="src\runtime\ProfileManifest.h">
      <Filter>src\runtime</Filter>
    </ClInclude>
    <ClInclude Include="src\runtime\ProfileRuntime.h">
      <Filter>src\runtime</Filter>
    </ClInclude>
    <ClInclude Include="src\runtime\RestoreService.h">
      <Filter>src\runtime</Filter>
    </ClInclude>
    <ClInclude Include="src\runtime\RestoreWorkspace.h">
      <Filter>src\runtime</Filter>
    </ClInclude>
    <ClInclude Include="src\infra\WorldIdentity.h">
      <Filter>src\infra</Filter>
    </ClInclude>
    <ClInclude Include="src\runtime\RuntimeIntegration.h">
      <Filter>src\runtime</Filter>
    </ClInclude>
    <ClInclude Include="src\runtime\RuntimeCloudPostHook.h">
      <Filter>src\runtime</Filter>
    </ClInclude>
    <ClInclude Include="src\runtime\RuntimeFileLock.h">
      <Filter>src\runtime</Filter>
    </ClInclude>
    <ClInclude Include="src\runtime\RuntimeRetentionService.h">
      <Filter>src\runtime</Filter>
    </ClInclude>
    <ClInclude Include="src\desktop\legacy\V15MigrationAdapter.h">
      <Filter>src\desktop\legacy</Filter>
    </ClInclude>
    <ClInclude Include="src\desktop\adapters\HistoryManager.h">
      <Filter>src\desktop\adapters</Filter>
    </ClInclude>
    <ClInclude Include="src\runtime\HistoryRepository.h">
      <Filter>src\runtime</Filter>
    </ClInclude>
    <ClInclude Include="src\runtime\TaskCoordinator.h">
      <Filter>src\runtime</Filter>
    </ClInclude>
    <ClInclude Include="src\runtime\WizardSession.h">
      <Filter>src\runtime</Filter>
    </ClInclude>
    <ClInclude Include="src\infra\RemoteContentService.h">
      <Filter>src\infra</Filter>
    </ClInclude>
    <ClInclude Include="src\infra\ExternalToolManager.h">
      <Filter>src\infra</Filter>
    </ClInclude>
    <ClInclude Include="src\infra\PathRuleSet.h">
      <Filter>src\infra</Filter>
    </ClInclude>
    <ClInclude Include="src\infra\config\PortableConfigDocument.h">
      <Filter>src\infra\config</Filter>
    </ClInclude>
    <ClInclude Include="src\infra\LegacyServicePolicy.h">
      <Filter>src\infra</Filter>
    </ClInclude>
    <ClInclude Include="src\infra\AtomicFileWriter.h">
      <Filter>src\infra</Filter>
    </ClInclude>
    <ClInclude Include="src\infra\DiagnosticLogExporter.h">
      <Filter>src\infra</Filter>
    </ClInclude>
    <ClInclude Include="src\infra\AppPaths.h">
      <Filter>src\infra</Filter>
    </ClInclude>
    <ClInclude Include="src\infra\SingleInstanceService.h">
      <Filter>src\infra</Filter>
    </ClInclude>
    <ClInclude Include="src\infra\LegacyLocationDiscovery.h">
      <Filter>src\infra</Filter>
    </ClInclude>
    <ClInclude Include="src\infra\LegacyLocationMigration.h">
      <Filter>src\infra</Filter>
    </ClInclude>
    <ClInclude Include="src\infra\config\LegacyIniConfigCodec.h">
      <Filter>src\infra\config</Filter>
    </ClInclude>
    <ClInclude Include="src\infra\KnownUserFolders.h">
      <Filter>src\infra</Filter>
    </ClInclude>
    <ClInclude Include="src\infra\ProcessRunner.h">
      <Filter>src\infra</Filter>
    </ClInclude>
    <ClInclude Include="src\infra\InterruptedTaskRecovery.h">
      <Filter>src\infra</Filter>
    </ClInclude>
    <ClInclude Include="src\infra\NetworkService.h">
      <Filter>src\infra</Filter>
    </ClInclude>
    <ClInclude Include="src\infra\Sha256.h">
      <Filter>src\infra</Filter>
    </ClInclude>
    <ClInclude Include="src\infra\KnotLinkPackageManager.h">
      <Filter>src\infra</Filter>
    </ClInclude>
    <ClInclude Include="src\infra\KnotLinkCommandDispatcher.h">
      <Filter>src\infra</Filter>
    </ClInclude>
    <ClInclude Include="src\infra\KnotLinkProtocol.h">
      <Filter>src\infra</Filter>
    </ClInclude>
    <ClInclude Include="src\desktop\adapters\KnotLinkServerManager.h">
      <Filter>src\desktop\adapters</Filter>
    </ClInclude>
    <ClInclude Include="src\desktop\adapters\KnotLinkService.h">
      <Filter>src\desktop\adapters</Filter>
    </ClInclude>
    <ClInclude Include="src\desktop\adapters\Broadcast.h">
      <Filter>src\desktop\adapters</Filter>
    </ClInclude>
    <ClInclude Include="src\desktop\adapters\ConfigManager.h">
      <Filter>src\desktop\adapters</Filter>
    </ClInclude>
    <ClInclude Include="src\infra\Logging.h">
      <Filter>src\infra</Filter>
    </ClInclude>
    <ClInclude Include="src\desktop\adapters\i18n.h">
      <Filter>src\desktop\adapters</Filter>
    </ClInclude>
    <ClInclude Include="src\infra\platform\PlatformCompat.h">
      <Filter>src\infra\platform</Filter>
    </ClInclude>
    <ClInclude Include="src\desktop\platform\DesktopServices.h">
      <Filter>src\desktop\platform</Filter>
    </ClInclude>
    <ClInclude Include="src\desktop\platform\NativeDesktopServices.h">
      <Filter>src\desktop\platform</Filter>
    </ClInclude>
    <ClInclude Include="src\desktop\platform\Platform_linux.h">
      <Filter>src\desktop\platform</Filter>
    </ClInclude>
    <ClInclude Include="src\desktop\platform\Platform_macos.h">
      <Filter>src\desktop\platform</Filter>
    </ClInclude>
    <ClInclude Include="src\desktop\platform\Platform_win.h">
      <Filter>src\desktop\platform</Filter>
    </ClInclude>
    <ClInclude Include="src\infra\platform\NetworkBackendFactory.h">
      <Filter>src\infra\platform</Filter>
    </ClInclude>
    <ClInclude Include="src\desktop\ui\IconsFontAwesome6.h">
      <Filter>src\desktop\ui</Filter>
    </ClInclude>
    <ClInclude Include="src\desktop\ui\CommandConsole.h">
      <Filter>src\desktop\ui</Filter>
    </ClInclude>
    <ClInclude Include="src\desktop\ui\HistoryDialogs.h">
      <Filter>src\desktop\ui</Filter>
    </ClInclude>
    <ClInclude Include="src\desktop\ui\HistoryViewModel.h">
      <Filter>src\desktop\ui</Filter>
    </ClInclude>
    <ClInclude Include="src\desktop\ui\LogPanel.h">
      <Filter>src\desktop\ui</Filter>
    </ClInclude>
    <ClInclude Include="src\desktop\ui\MainUiController.h">
      <Filter>src\desktop\ui</Filter>
    </ClInclude>
    <ClInclude Include="src\desktop\ui\MigrationReportUI.h">
      <Filter>src\desktop\ui</Filter>
    </ClInclude>
    <ClInclude Include="src\desktop\ui\MinecraftSetupUI.h">
      <Filter>src\desktop\ui</Filter>
    </ClInclude>
    <ClInclude Include="src\desktop\ui\SettingsUI.h">
      <Filter>src\desktop\ui</Filter>
    </ClInclude>
    <ClInclude Include="src\desktop\ui\SettingsUIHotkeys.h">
      <Filter>src\desktop\ui</Filter>
    </ClInclude>
    <ClInclude Include="src\desktop\ui\SettingsUIPrivate.h">
      <Filter>src\desktop\ui</Filter>
    </ClInclude>
    <ClInclude Include="src\desktop\ui\imgui-all.h">
      <Filter>src\desktop\ui</Filter>
    </ClInclude>
    <ClInclude Include="src\desktop\ui\UIHelpers.h">
      <Filter>src\desktop\ui</Filter>
    </ClInclude>
    <ClInclude Include="src\desktop\ui\ThemeManager.h">
      <Filter>src\desktop\ui</Filter>
    </ClInclude>
    <ClInclude Include="src\desktop\ui\ThemePalette.h">
      <Filter>src\desktop\ui</Filter>
    </ClInclude>
    <ClInclude Include="src\desktop\ui\WorldListController.h">
      <Filter>src\desktop\ui</Filter>
    </ClInclude>
    <ClInclude Include="src\desktop\ui\WorldListModel.h">
      <Filter>src\desktop\ui</Filter>
    </ClInclude>
    <ClInclude Include="src\infra\text\FileName.h">
      <Filter>src\infra\text</Filter>
    </ClInclude>
    <ClInclude Include="src\infra\text\text_to_text.h">
      <Filter>src\infra\text</Filter>
    </ClInclude>
    <ClInclude Include="third_party\imgui\imconfig.h">
      <Filter>third_party\imgui</Filter>
    </ClInclude>
    <ClInclude Include="third_party\imgui\imgui.h">
      <Filter>third_party\imgui</Filter>
    </ClInclude>
    <ClInclude Include="third_party\imgui\imgui_impl_glfw.h">
      <Filter>third_party\imgui</Filter>
    </ClInclude>
    <ClInclude Include="third_party\imgui\imgui_impl_opengl3.h">
      <Filter>third_party\imgui</Filter>
    </ClInclude>
    <ClInclude Include="third_party\imgui\imgui_impl_opengl3_loader.h">
      <Filter>third_party\imgui</Filter>
    </ClInclude>
    <ClInclude Include="third_party\imgui\imgui_internal.h">
      <Filter>third_party\imgui</Filter>
    </ClInclude>
    <ClInclude Include="third_party\imgui\imstb_rectpack.h">
      <Filter>third_party\imgui</Filter>
    </ClInclude>
    <ClInclude Include="third_party\imgui\imstb_textedit.h">
      <Filter>third_party\imgui</Filter>
    </ClInclude>
    <ClInclude Include="third_party\imgui\imstb_truetype.h">
      <Filter>third_party\imgui</Filter>
    </ClInclude>
    <ClInclude Include="third_party\json\json.hpp">
      <Filter>third_party\json</Filter>
    </ClInclude>
    <ClInclude Include="third_party\stb\stb_image.h">
      <Filter>third_party\stb</Filter>
    </ClInclude>
  </ItemGroup>
  <ItemGroup />
  <ItemGroup>
    <Image Include="Assets\icons\mine10.ico">
      <Filter>Assets\icons</Filter>
    </Image>
    <Image Include="Assets\icons\mine30.ico">
      <Filter>Assets\icons</Filter>
    </Image>
  </ItemGroup>
  <ItemGroup>
    <None Include="Assets\7za.exe">
      <Filter>Assets</Filter>
    </None>
  </ItemGroup>
</Project>
